
Microsoft Visual Studio Solution File, Format Version 12.00
# Visual Studio Version 17
VisualStudioVersion = 17.14.36603.0 d17.14
MinimumVisualStudioVersion = 10.0.40219.1
Project("{FAE04EC0-301F-11D3-BF4B-00C04F79EFBC}") = "gitapp", "gitapp\gitapp.csproj", "{71791795-DFD6-4973-BDD3-91247E4AD9F9}"
EndProject
Global
	GlobalSection(SolutionConfigurationPlatforms) = preSolution
		Debug|Any CPU = Debug|Any CPU
		Release|Any CPU = Release|Any CPU
	EndGlobalSection
	GlobalSection(ProjectConfigurationPlatforms) = postSolution
		{71791795-DFD6-4973-BDD3-91247E4AD9F9}.Debug|Any CPU.ActiveCfg = Debug|Any CPU
		{71791795-DFD6-4973-BDD3-91247E4AD9F9}.Debug|Any CPU.Build.0 = Debug|Any CPU
		{71791795-DFD6-4973-BDD3-91247E4AD9F9}.Release|Any CPU.ActiveCfg = Release|Any CPU
		{71791795-DFD6-4973-BDD3-91247E4AD9F9}.Release|Any CPU.Build.0 = Release|Any CPU
	EndGlobalSection
	GlobalSection(SolutionProperties) = preSolution
		HideSolutionNode = FALSE
	EndGlobalSection
	GlobalSection(ExtensibilityGlobals) = postSolution
		SolutionGuid = {2057B13D-8629-4006-AAF4-56F3411893B1}
	EndGlobalSection
EndGlobal
